<?xml version="1.0" encoding="utf-8"?>
<Project ToolsVersion="4.0" xmlns="http://schemas.microsoft.com/developer/msbuild/2003">
  <ItemGroup>
    <Filter Include="Source Files">
      <UniqueIdentifier>{4FC737F1-C7A5-4376-A066-2A32D752A2FF}</UniqueIdentifier>
      <Extensions>cpp;c;cc;cxx;def;odl;idl;hpj;bat;asm;asmx</Extensions>
    </Filter>
    <Filter Include="Header Files">
      <UniqueIdentifier>{93995380-89BD-4b04-88EB-625FBE52EBFB}</UniqueIdentifier>
      <Extensions>h;hpp;hxx;hm;inl;inc;xsd</Extensions>
    </Filter>
    <Filter Include="Resource Files">
      <UniqueIdentifier>{67DA6AB6-F800-4c08-8B7A-83BB121AAD01}</UniqueIdentifier>
      <Extensions>rc;ico;cur;bmp;dlg;rc2;rct;bin;rgs;gif;jpg;jpeg;jpe;resx;tiff;tif;png;wav</Extensions>
    </Filter>
    <Filter Include="blocks">
      <UniqueIdentifier>{9e5c1b11-a88b-4b9d-87b0-04a9e4b70cdb}</UniqueIdentifier>
    </Filter>
    <Filter Include="blocks\mndlkit">
      <UniqueIdentifier>{00ec24fc-1c16-4e81-b081-66bd30c27d80}</UniqueIdentifier>
    </Filter>
    <Filter Include="blocks\PulseSensor">
      <UniqueIdentifier>{52e673e5-8a58-4baf-a356-eba80a7609e3}</UniqueIdentifier>
    </Filter>
  </ItemGroup>
  <ItemGroup>
    <ClInclude Include="..\..\..\src\Listener.h">
      <Filter>blocks\PulseSensor</Filter>
    </ClInclude>
    <ClInclude Include="..\..\..\src\PulseSensor.h">
      <Filter>blocks\PulseSensor</Filter>
    </ClInclude>
    <ClInclude Include="..\..\..\src\PulseSensorManager.h">
      <Filter>blocks\PulseSensor</Filter>
    </ClInclude>
    <ClInclude Include="..\..\..\src\Recorder.h">
      <Filter>blocks\PulseSensor</Filter>
    </ClInclude>
    <ClInclude Include="..\..\..\src\Sensor.h">
      <Filter>blocks\PulseSensor</Filter>
    </ClInclude>
    <ClInclude Include="..\..\..\src\SensorDevice.h">
      <Filter>blocks\PulseSensor</Filter>
    </ClInclude>
    <ClInclude Include="..\..\..\src\SensorFile.h">
      <Filter>blocks\PulseSensor</Filter>
    </ClInclude>
    <ClInclude Include="..\..\..\src\Util.h">
      <Filter>blocks\PulseSensor</Filter>
    </ClInclude>
    <ClInclude Include="..\..\..\..\MndlKit\src\mndlkit\params\PParams.h">
      <Filter>blocks\mndlkit</Filter>
    </ClInclude>
    <ClInclude Include="..\..\..\src\Cardioid.h">
      <Filter>blocks\PulseSensor</Filter>
    </ClInclude>
  </ItemGroup>
  <ItemGroup>
    <ClCompile Include="..\src\PulseSensorTestApp.cpp">
      <Filter>Source Files</Filter>
    </ClCompile>
    <ClCompile Include="..\..\..\src\PulseSensor.cpp">
      <Filter>blocks\PulseSensor</Filter>
    </ClCompile>
    <ClCompile Include="..\..\..\src\PulseSensorManager.cpp">
      <Filter>blocks\PulseSensor</Filter>
    </ClCompile>
    <ClCompile Include="..\..\..\src\Recorder.cpp">
      <Filter>blocks\PulseSensor</Filter>
    </ClCompile>
    <ClCompile Include="..\..\..\src\Sensor.cpp">
      <Filter>blocks\PulseSensor</Filter>
    </ClCompile>
    <ClCompile Include="..\..\..\src\SensorDevice.cpp">
      <Filter>blocks\PulseSensor</Filter>
    </ClCompile>
    <ClCompile Include="..\..\..\src\SensorFile.cpp">
      <Filter>blocks\PulseSensor</Filter>
    </ClCompile>
    <ClCompile Include="..\..\..\src\Util.cpp">
      <Filter>blocks\PulseSensor</Filter>
    </ClCompile>
    <ClCompile Include="..\..\..\..\MndlKit\src\mndlkit\params\PParams.cpp">
      <Filter>blocks\mndlkit</Filter>
    </ClCompile>
    <ClCompile Include="..\..\..\src\Cardioid.cpp">
      <Filter>blocks\PulseSensor</Filter>
    </ClCompile>
  </ItemGroup>
</Project>